// !$*UTF8*$!
{
	archiveVersion = 1;
	classes = {
	};
	objectVersion = 56;
	objects = {

/* Begin PBXBuildFile section */
		0A20512A2AC8689900A98F34 /* UIView+Extension.swift in Sources */ = {isa = PBXBuildFile; fileRef = 0A2051292AC8689900A98F34 /* UIView+Extension.swift */; };
		0A20512C2AC86B9500A98F34 /* UIVIewController+Extension.swift in Sources */ = {isa = PBXBuildFile; fileRef = 0A20512B2AC86B9500A98F34 /* UIVIewController+Extension.swift */; };
		0A20512E2AC8922C00A98F34 /* UserInfo.swift in Sources */ = {isa = PBXBuildFile; fileRef = 0A20512D2AC8922C00A98F34 /* UserInfo.swift */; };
		0A3E903C2AC34C04003AC436 /* Color-Extension.swift in Sources */ = {isa = PBXBuildFile; fileRef = 0A3E903B2AC34C04003AC436 /* Color-Extension.swift */; };
		0A3E903E2AC34EAF003AC436 /* LoginViewController.swift in Sources */ = {isa = PBXBuildFile; fileRef = 0A3E903D2AC34EAF003AC436 /* LoginViewController.swift */; };
		0A3E90402AC35273003AC436 /* RegisterViewController.swift in Sources */ = {isa = PBXBuildFile; fileRef = 0A3E903F2AC35273003AC436 /* RegisterViewController.swift */; };
		0A8469602AB75609003CAF52 /* AppDelegate.swift in Sources */ = {isa = PBXBuildFile; fileRef = 0A84695F2AB75609003CAF52 /* AppDelegate.swift */; };
		0A8469622AB75609003CAF52 /* SceneDelegate.swift in Sources */ = {isa = PBXBuildFile; fileRef = 0A8469612AB75609003CAF52 /* SceneDelegate.swift */; };
		0A8469672AB75609003CAF52 /* Main.storyboard in Resources */ = {isa = PBXBuildFile; fileRef = 0A8469652AB75609003CAF52 /* Main.storyboard */; };
		0A8469692AB7560A003CAF52 /* Assets.xcassets in Resources */ = {isa = PBXBuildFile; fileRef = 0A8469682AB7560A003CAF52 /* Assets.xcassets */; };
		0A84696C2AB7560A003CAF52 /* LaunchScreen.storyboard in Resources */ = {isa = PBXBuildFile; fileRef = 0A84696A2AB7560A003CAF52 /* LaunchScreen.storyboard */; };
		0AE3F1B02AC97F4600F0CFD6 /* HomeViewController.swift in Sources */ = {isa = PBXBuildFile; fileRef = 0AE3F1AF2AC97F4600F0CFD6 /* HomeViewController.swift */; };
/* End PBXBuildFile section */

/* Begin PBXFileReference section */
		0A2051292AC8689900A98F34 /* UIView+Extension.swift */ = {isa = PBXFileReference; lastKnownFileType = sourcecode.swift; path = "UIView+Extension.swift"; sourceTree = "<group>"; };
		0A20512B2AC86B9500A98F34 /* UIVIewController+Extension.swift */ = {isa = PBXFileReference; lastKnownFileType = sourcecode.swift; path = "UIVIewController+Extension.swift"; sourceTree = "<group>"; };
		0A20512D2AC8922C00A98F34 /* UserInfo.swift */ = {isa = PBXFileReference; lastKnownFileType = sourcecode.swift; path = UserInfo.swift; sourceTree = "<group>"; };
		0A3E903B2AC34C04003AC436 /* Color-Extension.swift */ = {isa = PBXFileReference; lastKnownFileType = sourcecode.swift; path = "Color-Extension.swift"; sourceTree = "<group>"; };
		0A3E903D2AC34EAF003AC436 /* LoginViewController.swift */ = {isa = PBXFileReference; lastKnownFileType = sourcecode.swift; path = LoginViewController.swift; sourceTree = "<group>"; };
		0A3E903F2AC35273003AC436 /* RegisterViewController.swift */ = {isa = PBXFileReference; lastKnownFileType = sourcecode.swift; path = RegisterViewController.swift; sourceTree = "<group>"; };
		0A84695C2AB75609003CAF52 /* Catstagram.app */ = {isa = PBXFileReference; explicitFileType = wrapper.application; includeInIndex = 0; path = Catstagram.app; sourceTree = BUILT_PRODUCTS_DIR; };
		0A84695F2AB75609003CAF52 /* AppDelegate.swift */ = {isa = PBXFileReference; lastKnownFileType = sourcecode.swift; path = AppDelegate.swift; sourceTree = "<group>"; };
		0A8469612AB75609003CAF52 /* SceneDelegate.swift */ = {isa = PBXFileReference; lastKnownFileType = sourcecode.swift; path = SceneDelegate.swift; sourceTree = "<group>"; };
		0A8469662AB75609003CAF52 /* Base */ = {isa = PBXFileReference; lastKnownFileType = file.storyboard; name = Base; path = Base.lproj/Main.storyboard; sourceTree = "<group>"; };
		0A8469682AB7560A003CAF52 /* Assets.xcassets */ = {isa = PBXFileReference; lastKnownFileType = folder.assetcatalog; path = Assets.xcassets; sourceTree = "<group>"; };
		0A84696B2AB7560A003CAF52 /* Base */ = {isa = PBXFileReference; lastKnownFileType = file.storyboard; name = Base; path = Base.lproj/LaunchScreen.storyboard; sourceTree = "<group>"; };
		0A84696D2AB7560A003CAF52 /* Info.plist */ = {isa = PBXFileReference; lastKnownFileType = text.plist.xml; path = Info.plist; sourceTree = "<group>"; };
		0AE3F1AF2AC97F4600F0CFD6 /* HomeViewController.swift */ = {isa = PBXFileReference; lastKnownFileType = sourcecode.swift; path = HomeViewController.swift; sourceTree = "<group>"; };
/* End PBXFileReference section */

/* Begin PBXFrameworksBuildPhase section */
		0A8469592AB75609003CAF52 /* Frameworks */ = {
			isa = PBXFrameworksBuildPhase;
			buildActionMask = 2147483647;
			files = (
			);
			runOnlyForDeploymentPostprocessing = 0;
		};
/* End PBXFrameworksBuildPhase section */

/* Begin PBXGroup section */
		0A8469532AB75609003CAF52 = {
			isa = PBXGroup;
			children = (
				0A84695E2AB75609003CAF52 /* Catstagram */,
				0A84695D2AB75609003CAF52 /* Products */,
			);
			sourceTree = "<group>";
		};
		0A84695D2AB75609003CAF52 /* Products */ = {
			isa = PBXGroup;
			children = (
				0A84695C2AB75609003CAF52 /* Catstagram.app */,
			);
			name = Products;
			sourceTree = "<group>";
		};
		0A84695E2AB75609003CAF52 /* Catstagram */ = {
			isa = PBXGroup;
			children = (
				0AE3F1AE2AC97F2600F0CFD6 /* Home */,
				0A3E903F2AC35273003AC436 /* RegisterViewController.swift */,
				0A20512D2AC8922C00A98F34 /* UserInfo.swift */,
				0A2051292AC8689900A98F34 /* UIView+Extension.swift */,
				0A3E903B2AC34C04003AC436 /* Color-Extension.swift */,
				0A84695F2AB75609003CAF52 /* AppDelegate.swift */,
				0A8469612AB75609003CAF52 /* SceneDelegate.swift */,
				0A8469652AB75609003CAF52 /* Main.storyboard */,
				0A20512B2AC86B9500A98F34 /* UIVIewController+Extension.swift */,
				0A3E903D2AC34EAF003AC436 /* LoginViewController.swift */,
				0A8469682AB7560A003CAF52 /* Assets.xcassets */,
				0A84696A2AB7560A003CAF52 /* LaunchScreen.storyboard */,
				0A84696D2AB7560A003CAF52 /* Info.plist */,
			);
			path = Catstagram;
			sourceTree = "<group>";
		};
		0AE3F1AE2AC97F2600F0CFD6 /* Home */ = {
			isa = PBXGroup;
			children = (
				0AE3F1AF2AC97F4600F0CFD6 /* HomeViewController.swift */,
			);
			path = Home;
			sourceTree = "<group>";
		};
/* End PBXGroup section */

/* Begin PBXNativeTarget section */
		0A84695B2AB75609003CAF52 /* Catstagram */ = {
			isa = PBXNativeTarget;
			buildConfigurationList = 0A8469702AB7560A003CAF52 /* Build configuration list for PBXNativeTarget "Catstagram" */;
			buildPhases = (
				0A8469582AB75609003CAF52 /* Sources */,
				0A8469592AB75609003CAF52 /* Frameworks */,
				0A84695A2AB75609003CAF52 /* Resources */,
			);
			buildRules = (
			);
			dependencies = (
			);
			name = Catstagram;
			productName = Catstagram;
			productReference = 0A84695C2AB75609003CAF52 /* Catstagram.app */;
			productType = "com.apple.product-type.application";
		};
/* End PBXNativeTarget section */

/* Begin PBXProject section */
		0A8469542AB75609003CAF52 /* Project object */ = {
			isa = PBXProject;
			attributes = {
				BuildIndependentTargetsInParallel = 1;
				LastSwiftUpdateCheck = 1430;
				LastUpgradeCheck = 1430;
				TargetAttributes = {
					0A84695B2AB75609003CAF52 = {
						CreatedOnToolsVersion = 14.3.1;
					};
				};
			};
			buildConfigurationList = 0A8469572AB75609003CAF52 /* Build configuration list for PBXProject "Catstagram" */;
			compatibilityVersion = "Xcode 14.0";
			developmentRegion = en;
			hasScannedForEncodings = 0;
			knownRegions = (
				en,
				Base,
			);
			mainGroup = 0A8469532AB75609003CAF52;
			productRefGroup = 0A84695D2AB75609003CAF52 /* Products */;
			projectDirPath = "";
			projectRoot = "";
			targets = (
				0A84695B2AB75609003CAF52 /* Catstagram */,
			);
		};
/* End PBXProject section */

/* Begin PBXResourcesBuildPhase section */
		0A84695A2AB75609003CAF52 /* Resources */ = {
			isa = PBXResourcesBuildPhase;
			buildActionMask = 2147483647;
			files = (
				0A84696C2AB7560A003CAF52 /* LaunchScreen.storyboard in Resources */,
				0A8469692AB7560A003CAF52 /* Assets.xcassets in Resources */,
				0A8469672AB75609003CAF52 /* Main.storyboard in Resources */,
			);
			runOnlyForDeploymentPostprocessing = 0;
		};
/* End PBXResourcesBuildPhase section */

/* Begin PBXSourcesBuildPhase section */
		0A8469582AB75609003CAF52 /* Sources */ = {
			isa = PBXSourcesBuildPhase;
			buildActionMask = 2147483647;
			files = (
				0A20512C2AC86B9500A98F34 /* UIVIewController+Extension.swift in Sources */,
				0A20512A2AC8689900A98F34 /* UIView+Extension.swift in Sources */,
				0A3E903E2AC34EAF003AC436 /* LoginViewController.swift in Sources */,
				0A3E90402AC35273003AC436 /* RegisterViewController.swift in Sources */,
				0A20512E2AC8922C00A98F34 /* UserInfo.swift in Sources */,
				0AE3F1B02AC97F4600F0CFD6 /* HomeViewController.swift in Sources */,
				0A3E903C2AC34C04003AC436 /* Color-Extension.swift in Sources */,
				0A8469602AB75609003CAF52 /* AppDelegate.swift in Sources */,
				0A8469622AB75609003CAF52 /* SceneDelegate.swift in Sources */,
			);
			runOnlyForDeploymentPostprocessing = 0;
		};
/* End PBXSourcesBuildPhase section */

/* Begin PBXVariantGroup section */
		0A8469652AB75609003CAF52 /* Main.storyboard */ = {
			isa = PBXVariantGroup;
			children = (
				0A8469662AB75609003CAF52 /* Base */,
			);
			name = Main.storyboard;
			sourceTree = "<group>";
		};
		0A84696A2AB7560A003CAF52 /* LaunchScreen.storyboard */ = {
			isa = PBXVariantGroup;
			children = (
				0A84696B2AB7560A003CAF52 /* Base */,
			);
			name = LaunchScreen.storyboard;
			sourceTree = "<group>";
		};
/* End PBXVariantGroup section */

/* Begin XCBuildConfiguration section */
		0A84696E2AB7560A003CAF52 /* Debug */ = {
			isa = XCBuildConfiguration;
			buildSettings = {
				ALWAYS_SEARCH_USER_PATHS = NO;
				CLANG_ANALYZER_NONNULL = YES;
				CLANG_ANALYZER_NUMBER_OBJECT_CONVERSION = YES_AGGRESSIVE;
				CLANG_CXX_LANGUAGE_STANDARD = "gnu++20";
				CLANG_ENABLE_MODULES = YES;
				CLANG_ENABLE_OBJC_ARC = YES;
				CLANG_ENABLE_OBJC_WEAK = YES;
				CLANG_WARN_BLOCK_CAPTURE_AUTORELEASING = YES;
				CLANG_WARN_BOOL_CONVERSION = YES;
				CLANG_WARN_COMMA = YES;
				CLANG_WARN_CONSTANT_CONVERSION = YES;
				CLANG_WARN_DEPRECATED_OBJC_IMPLEMENTATIONS = YES;
				CLANG_WARN_DIRECT_OBJC_ISA_USAGE = YES_ERROR;
				CLANG_WARN_DOCUMENTATION_COMMENTS = YES;
				CLANG_WARN_EMPTY_BODY = YES;
				CLANG_WARN_ENUM_CONVERSION = YES;
				CLANG_WARN_INFINITE_RECURSION = YES;
				CLANG_WARN_INT_CONVERSION = YES;
				CLANG_WARN_NON_LITERAL_NULL_CONVERSION = YES;
				CLANG_WARN_OBJC_IMPLICIT_RETAIN_SELF = YES;
				CLANG_WARN_OBJC_LITERAL_CONVERSION = YES;
				CLANG_WARN_OBJC_ROOT_CLASS = YES_ERROR;
				CLANG_WARN_QUOTED_INCLUDE_IN_FRAMEWORK_HEADER = YES;
				CLANG_WARN_RANGE_LOOP_ANALYSIS = YES;
				CLANG_WARN_STRICT_PROTOTYPES = YES;
				CLANG_WARN_SUSPICIOUS_MOVE = YES;
				CLANG_WARN_UNGUARDED_AVAILABILITY = YES_AGGRESSIVE;
				CLANG_WARN_UNREACHABLE_CODE = YES;
				CLANG_WARN__DUPLICATE_METHOD_MATCH = YES;
				COPY_PHASE_STRIP = NO;
				DEBUG_INFORMATION_FORMAT = dwarf;
				ENABLE_STRICT_OBJC_MSGSEND = YES;
				ENABLE_TESTABILITY = YES;
				GCC_C_LANGUAGE_STANDARD = gnu11;
				GCC_DYNAMIC_NO_PIC = NO;
				GCC_NO_COMMON_BLOCKS = YES;
				GCC_OPTIMIZATION_LEVEL = 0;
				GCC_PREPROCESSOR_DEFINITIONS = (
					"DEBUG=1",
					"$(inherited)",
				);
				GCC_WARN_64_TO_32_BIT_CONVERSION = YES;
				GCC_WARN_ABOUT_RETURN_TYPE = YES_ERROR;
				GCC_WARN_UNDECLARED_SELECTOR = YES;
				GCC_WARN_UNINITIALIZED_AUTOS = YES_AGGRESSIVE;
				GCC_WARN_UNUSED_FUNCTION = YES;
				GCC_WARN_UNUSED_VARIABLE = YES;
				IPHONEOS_DEPLOYMENT_TARGET = 16.4;
				MTL_ENABLE_DEBUG_INFO = INCLUDE_SOURCE;
				MTL_FAST_MATH = YES;
				ONLY_ACTIVE_ARCH = YES;
				SDKROOT = iphoneos;
				SWIFT_ACTIVE_COMPILATION_CONDITIONS = DEBUG;
				SWIFT_OPTIMIZATION_LEVEL = "-Onone";
			};
			name = Debug;
		};
		0A84696F2AB7560A003CAF52 /* Release */ = {
			isa = XCBuildConfiguration;
			buildSettings = {
				ALWAYS_SEARCH_USER_PATHS = NO;
				CLANG_ANALYZER_NONNULL = YES;
				CLANG_ANALYZER_NUMBER_OBJECT_CONVERSION = YES_AGGRESSIVE;
				CLANG_CXX_LANGUAGE_STANDARD = "gnu++20";
				CLANG_ENABLE_MODULES = YES;
				CLANG_ENABLE_OBJC_ARC = YES;
				CLANG_ENABLE_OBJC_WEAK = YES;
				CLANG_WARN_BLOCK_CAPTURE_AUTORELEASING = YES;
				CLANG_WARN_BOOL_CONVERSION = YES;
				CLANG_WARN_COMMA = YES;
				CLANG_WARN_CONSTANT_CONVERSION = YES;
				CLANG_WARN_DEPRECATED_OBJC_IMPLEMENTATIONS = YES;
				CLANG_WARN_DIRECT_OBJC_ISA_USAGE = YES_ERROR;
				CLANG_WARN_DOCUMENTATION_COMMENTS = YES;
				CLANG_WARN_EMPTY_BODY = YES;
				CLANG_WARN_ENUM_CONVERSION = YES;
				CLANG_WARN_INFINITE_RECURSION = YES;
				CLANG_WARN_INT_CONVERSION = YES;
				CLANG_WARN_NON_LITERAL_NULL_CONVERSION = YES;
				CLANG_WARN_OBJC_IMPLICIT_RETAIN_SELF = YES;
				CLANG_WARN_OBJC_LITERAL_CONVERSION = YES;
				CLANG_WARN_OBJC_ROOT_CLASS = YES_ERROR;
				CLANG_WARN_QUOTED_INCLUDE_IN_FRAMEWORK_HEADER = YES;
				CLANG_WARN_RANGE_LOOP_ANALYSIS = YES;
				CLANG_WARN_STRICT_PROTOTYPES = YES;
				CLANG_WARN_SUSPICIOUS_MOVE = YES;
				CLANG_WARN_UNGUARDED_AVAILABILITY = YES_AGGRESSIVE;
				CLANG_WARN_UNREACHABLE_CODE = YES;
				CLANG_WARN__DUPLICATE_METHOD_MATCH = YES;
				COPY_PHASE_STRIP = NO;
				DEBUG_INFORMATION_FORMAT = "dwarf-with-dsym";
				ENABLE_NS_ASSERTIONS = NO;
				ENABLE_STRICT_OBJC_MSGSEND = YES;
				GCC_C_LANGUAGE_STANDARD = gnu11;
				GCC_NO_COMMON_BLOCKS = YES;
				GCC_WARN_64_TO_32_BIT_CONVERSION = YES;
				GCC_WARN_ABOUT_RETURN_TYPE = YES_ERROR;
				GCC_WARN_UNDECLARED_SELECTOR = YES;
				GCC_WARN_UNINITIALIZED_AUTOS = YES_AGGRESSIVE;
				GCC_WARN_UNUSED_FUNCTION = YES;
				GCC_WARN_UNUSED_VARIABLE = YES;
				IPHONEOS_DEPLOYMENT_TARGET = 16.4;
				MTL_ENABLE_DEBUG_INFO = NO;
				MTL_FAST_MATH = YES;
				SDKROOT = iphoneos;
				SWIFT_COMPILATION_MODE = wholemodule;
				SWIFT_OPTIMIZATION_LEVEL = "-O";
				VALIDATE_PRODUCT = YES;
			};
			name = Release;
		};
		0A8469712AB7560A003CAF52 /* Debug */ = {
			isa = XCBuildConfiguration;
			buildSettings = {
				ASSETCATALOG_COMPILER_APPICON_NAME = AppIcon;
				ASSETCATALOG_COMPILER_GLOBAL_ACCENT_COLOR_NAME = AccentColor;
				CODE_SIGN_STYLE = Automatic;
				CURRENT_PROJECT_VERSION = 1;
				DEVELOPMENT_TEAM = 7LVZCMHQG6;
				GENERATE_INFOPLIST_FILE = YES;
				INFOPLIST_FILE = Catstagram/Info.plist;
				INFOPLIST_KEY_UIApplicationSupportsIndirectInputEvents = YES;
				INFOPLIST_KEY_UILaunchStoryboardName = LaunchScreen;
				INFOPLIST_KEY_UIMainStoryboardFile = Main;
				INFOPLIST_KEY_UISupportedInterfaceOrientations_iPad = "UIInterfaceOrientationPortrait UIInterfaceOrientationPortraitUpsideDown UIInterfaceOrientationLandscapeLeft UIInterfaceOrientationLandscapeRight";
				INFOPLIST_KEY_UISupportedInterfaceOrientations_iPhone = "UIInterfaceOrientationPortrait UIInterfaceOrientationLandscapeLeft UIInterfaceOrientationLandscapeRight";
				LD_RUNPATH_SEARCH_PATHS = (
					"$(inherited)",
					"@executable_path/Frameworks",
				);
				MARKETING_VERSION = 1.0;
				PRODUCT_BUNDLE_IDENTIFIER = rachel.Catstagram;
				PRODUCT_NAME = "$(TARGET_NAME)";
				SWIFT_EMIT_LOC_STRINGS = YES;
				SWIFT_VERSION = 5.0;
				TARGETED_DEVICE_FAMILY = "1,2";
			};
			name = Debug;
		};
		0A8469722AB7560A003CAF52 /* Release */ = {
			isa = XCBuildConfiguration;
			buildSettings = {
				ASSETCATALOG_COMPILER_APPICON_NAME = AppIcon;
				ASSETCATALOG_COMPILER_GLOBAL_ACCENT_COLOR_NAME = AccentColor;
				CODE_SIGN_STYLE = Automatic;
				CURRENT_PROJECT_VERSION = 1;
				DEVELOPMENT_TEAM = 7LVZCMHQG6;
				GENERATE_INFOPLIST_FILE = YES;
				INFOPLIST_FILE = Catstagram/Info.plist;
				INFOPLIST_KEY_UIApplicationSupportsIndirectInputEvents = YES;
				INFOPLIST_KEY_UILaunchStoryboardName = LaunchScreen;
				INFOPLIST_KEY_UIMainStoryboardFile = Main;
				INFOPLIST_KEY_UISupportedInterfaceOrientations_iPad = "UIInterfaceOrientationPortrait UIInterfaceOrientationPortraitUpsideDown UIInterfaceOrientationLandscapeLeft UIInterfaceOrientationLandscapeRight";
				INFOPLIST_KEY_UISupportedInterfaceOrientations_iPhone = "UIInterfaceOrientationPortrait UIInterfaceOrientationLandscapeLeft UIInterfaceOrientationLandscapeRight";
				LD_RUNPATH_SEARCH_PATHS = (
					"$(inherited)",
					"@executable_path/Frameworks",
				);
				MARKETING_VERSION = 1.0;
				PRODUCT_BUNDLE_IDENTIFIER = rachel.Catstagram;
				PRODUCT_NAME = "$(TARGET_NAME)";
				SWIFT_EMIT_LOC_STRINGS = YES;
				SWIFT_VERSION = 5.0;
				TARGETED_DEVICE_FAMILY = "1,2";
			};
			name = Release;
		};
/* End XCBuildConfiguration section */

/* Begin XCConfigurationList section */
		0A8469572AB75609003CAF52 /* Build configuration list for PBXProject "Catstagram" */ = {
			isa = XCConfigurationList;
			buildConfigurations = (
				0A84696E2AB7560A003CAF52 /* Debug */,
				0A84696F2AB7560A003CAF52 /* Release */,
			);
			defaultConfigurationIsVisible = 0;
			defaultConfigurationName = Release;
		};
		0A8469702AB7560A003CAF52 /* Build configuration list for PBXNativeTarget "Catstagram" */ = {
			isa = XCConfigurationList;
			buildConfigurations = (
				0A8469712AB7560A003CAF52 /* Debug */,
				0A8469722AB7560A003CAF52 /* Release */,
			);
			defaultConfigurationIsVisible = 0;
			defaultConfigurationName = Release;
		};
/* End XCConfigurationList section */
	};
	rootObject = 0A8469542AB75609003CAF52 /* Project object */;
}
