// !$*UTF8*$!
{
	archiveVersion = 1;
	classes = {
	};
	objectVersion = 56;
	objects = {

/* Begin PBXBuildFile section */
		0A1DE57C2B21FA71005EB790 /* AppDelegate.swift in Sources */ = {isa = PBXBuildFile; fileRef = 0A1DE57B2B21FA71005EB790 /* AppDelegate.swift */; };
		0A1DE57E2B21FA71005EB790 /* SceneDelegate.swift in Sources */ = {isa = PBXBuildFile; fileRef = 0A1DE57D2B21FA71005EB790 /* SceneDelegate.swift */; };
		0A1DE5802B21FA71005EB790 /* ViewController.swift in Sources */ = {isa = PBXBuildFile; fileRef = 0A1DE57F2B21FA71005EB790 /* ViewController.swift */; };
		0A1DE5832B21FA71005EB790 /* Main.storyboard in Resources */ = {isa = PBXBuildFile; fileRef = 0A1DE5812B21FA71005EB790 /* Main.storyboard */; };
		0A1DE5852B21FA72005EB790 /* Assets.xcassets in Resources */ = {isa = PBXBuildFile; fileRef = 0A1DE5842B21FA72005EB790 /* Assets.xcassets */; };
		0A1DE5882B21FA72005EB790 /* LaunchScreen.storyboard in Resources */ = {isa = PBXBuildFile; fileRef = 0A1DE5862B21FA72005EB790 /* LaunchScreen.storyboard */; };
		0A1DE5922B2202B2005EB790 /* WeatherTableViewCell.swift in Sources */ = {isa = PBXBuildFile; fileRef = 0A1DE5902B2202B2005EB790 /* WeatherTableViewCell.swift */; };
		0A1DE5932B2202B2005EB790 /* WeatherTableViewCell.xib in Resources */ = {isa = PBXBuildFile; fileRef = 0A1DE5912B2202B2005EB790 /* WeatherTableViewCell.xib */; };
		0A1DE5982B22F45E005EB790 /* WeatherAPIInput.swift in Sources */ = {isa = PBXBuildFile; fileRef = 0A1DE5972B22F45E005EB790 /* WeatherAPIInput.swift */; };
		0A1DE59A2B22F4F3005EB790 /* WeatherModel.swift in Sources */ = {isa = PBXBuildFile; fileRef = 0A1DE5992B22F4F3005EB790 /* WeatherModel.swift */; };
		0A1DE59C2B2301AF005EB790 /* Secrets.plist in Resources */ = {isa = PBXBuildFile; fileRef = 0A1DE59B2B2301AF005EB790 /* Secrets.plist */; };
		0A1DE5A02B233847005EB790 /* WeatherForecastModel.swift in Sources */ = {isa = PBXBuildFile; fileRef = 0A1DE59F2B233847005EB790 /* WeatherForecastModel.swift */; };
		8DEBB5D50770C33DCF24A603 /* Pods_OpenAPI.framework in Frameworks */ = {isa = PBXBuildFile; fileRef = E6EE9E44D9F728207FE0F4D4 /* Pods_OpenAPI.framework */; };
/* End PBXBuildFile section */

/* Begin PBXFileReference section */
		0A1DE5782B21FA71005EB790 /* OpenAPI.app */ = {isa = PBXFileReference; explicitFileType = wrapper.application; includeInIndex = 0; path = OpenAPI.app; sourceTree = BUILT_PRODUCTS_DIR; };
		0A1DE57B2B21FA71005EB790 /* AppDelegate.swift */ = {isa = PBXFileReference; lastKnownFileType = sourcecode.swift; path = AppDelegate.swift; sourceTree = "<group>"; };
		0A1DE57D2B21FA71005EB790 /* SceneDelegate.swift */ = {isa = PBXFileReference; lastKnownFileType = sourcecode.swift; path = SceneDelegate.swift; sourceTree = "<group>"; };
		0A1DE57F2B21FA71005EB790 /* ViewController.swift */ = {isa = PBXFileReference; lastKnownFileType = sourcecode.swift; path = ViewController.swift; sourceTree = "<group>"; };
		0A1DE5822B21FA71005EB790 /* Base */ = {isa = PBXFileReference; lastKnownFileType = file.storyboard; name = Base; path = Base.lproj/Main.storyboard; sourceTree = "<group>"; };
		0A1DE5842B21FA72005EB790 /* Assets.xcassets */ = {isa = PBXFileReference; lastKnownFileType = folder.assetcatalog; path = Assets.xcassets; sourceTree = "<group>"; };
		0A1DE5872B21FA72005EB790 /* Base */ = {isa = PBXFileReference; lastKnownFileType = file.storyboard; name = Base; path = Base.lproj/LaunchScreen.storyboard; sourceTree = "<group>"; };
		0A1DE5892B21FA72005EB790 /* Info.plist */ = {isa = PBXFileReference; lastKnownFileType = text.plist.xml; path = Info.plist; sourceTree = "<group>"; };
		0A1DE5902B2202B2005EB790 /* WeatherTableViewCell.swift */ = {isa = PBXFileReference; lastKnownFileType = sourcecode.swift; path = WeatherTableViewCell.swift; sourceTree = "<group>"; };
		0A1DE5912B2202B2005EB790 /* WeatherTableViewCell.xib */ = {isa = PBXFileReference; lastKnownFileType = file.xib; path = WeatherTableViewCell.xib; sourceTree = "<group>"; };
		0A1DE5972B22F45E005EB790 /* WeatherAPIInput.swift */ = {isa = PBXFileReference; lastKnownFileType = sourcecode.swift; path = WeatherAPIInput.swift; sourceTree = "<group>"; };
		0A1DE5992B22F4F3005EB790 /* WeatherModel.swift */ = {isa = PBXFileReference; lastKnownFileType = sourcecode.swift; path = WeatherModel.swift; sourceTree = "<group>"; };
		0A1DE59B2B2301AF005EB790 /* Secrets.plist */ = {isa = PBXFileReference; lastKnownFileType = text.plist.xml; path = Secrets.plist; sourceTree = "<group>"; };
		0A1DE59F2B233847005EB790 /* WeatherForecastModel.swift */ = {isa = PBXFileReference; lastKnownFileType = sourcecode.swift; path = WeatherForecastModel.swift; sourceTree = "<group>"; };
		1ED009AC9C461D481AB0C2F7 /* Pods-OpenAPI.debug.xcconfig */ = {isa = PBXFileReference; includeInIndex = 1; lastKnownFileType = text.xcconfig; name = "Pods-OpenAPI.debug.xcconfig"; path = "Target Support Files/Pods-OpenAPI/Pods-OpenAPI.debug.xcconfig"; sourceTree = "<group>"; };
		BCC3BB2B235DC58DDBD4EF26 /* Pods-OpenAPI.release.xcconfig */ = {isa = PBXFileReference; includeInIndex = 1; lastKnownFileType = text.xcconfig; name = "Pods-OpenAPI.release.xcconfig"; path = "Target Support Files/Pods-OpenAPI/Pods-OpenAPI.release.xcconfig"; sourceTree = "<group>"; };
		E6EE9E44D9F728207FE0F4D4 /* Pods_OpenAPI.framework */ = {isa = PBXFileReference; explicitFileType = wrapper.framework; includeInIndex = 0; path = Pods_OpenAPI.framework; sourceTree = BUILT_PRODUCTS_DIR; };
/* End PBXFileReference section */

/* Begin PBXFrameworksBuildPhase section */
		0A1DE5752B21FA71005EB790 /* Frameworks */ = {
			isa = PBXFrameworksBuildPhase;
			buildActionMask = 2147483647;
			files = (
				8DEBB5D50770C33DCF24A603 /* Pods_OpenAPI.framework in Frameworks */,
			);
			runOnlyForDeploymentPostprocessing = 0;
		};
/* End PBXFrameworksBuildPhase section */

/* Begin PBXGroup section */
		0A1DE56F2B21FA71005EB790 = {
			isa = PBXGroup;
			children = (
				0A1DE57A2B21FA71005EB790 /* OpenAPI */,
				0A1DE5792B21FA71005EB790 /* Products */,
				D31C560E4EE155FD38F2DDB8 /* Pods */,
				40EC9EFE40264DCCF1136841 /* Frameworks */,
			);
			sourceTree = "<group>";
		};
		0A1DE5792B21FA71005EB790 /* Products */ = {
			isa = PBXGroup;
			children = (
				0A1DE5782B21FA71005EB790 /* OpenAPI.app */,
			);
			name = Products;
			sourceTree = "<group>";
		};
		0A1DE57A2B21FA71005EB790 /* OpenAPI */ = {
			isa = PBXGroup;
			children = (
				0A1DE5942B22F41A005EB790 /* DataManager */,
				0A1DE58F2B220252005EB790 /* Cell */,
				0A1DE57B2B21FA71005EB790 /* AppDelegate.swift */,
				0A1DE57D2B21FA71005EB790 /* SceneDelegate.swift */,
				0A1DE57F2B21FA71005EB790 /* ViewController.swift */,
				0A1DE5812B21FA71005EB790 /* Main.storyboard */,
				0A1DE5842B21FA72005EB790 /* Assets.xcassets */,
				0A1DE5862B21FA72005EB790 /* LaunchScreen.storyboard */,
				0A1DE5892B21FA72005EB790 /* Info.plist */,
				0A1DE59B2B2301AF005EB790 /* Secrets.plist */,
			);
			path = OpenAPI;
			sourceTree = "<group>";
		};
		0A1DE58F2B220252005EB790 /* Cell */ = {
			isa = PBXGroup;
			children = (
				0A1DE5902B2202B2005EB790 /* WeatherTableViewCell.swift */,
				0A1DE5912B2202B2005EB790 /* WeatherTableViewCell.xib */,
			);
			path = Cell;
			sourceTree = "<group>";
		};
		0A1DE5942B22F41A005EB790 /* DataManager */ = {
			isa = PBXGroup;
			children = (
				0A1DE5972B22F45E005EB790 /* WeatherAPIInput.swift */,
				0A1DE5992B22F4F3005EB790 /* WeatherModel.swift */,
				0A1DE59F2B233847005EB790 /* WeatherForecastModel.swift */,
			);
			path = DataManager;
			sourceTree = "<group>";
		};
		40EC9EFE40264DCCF1136841 /* Frameworks */ = {
			isa = PBXGroup;
			children = (
				E6EE9E44D9F728207FE0F4D4 /* Pods_OpenAPI.framework */,
			);
			name = Frameworks;
			sourceTree = "<group>";
		};
		D31C560E4EE155FD38F2DDB8 /* Pods */ = {
			isa = PBXGroup;
			children = (
				1ED009AC9C461D481AB0C2F7 /* Pods-OpenAPI.debug.xcconfig */,
				BCC3BB2B235DC58DDBD4EF26 /* Pods-OpenAPI.release.xcconfig */,
			);
			path = Pods;
			sourceTree = "<group>";
		};
/* End PBXGroup section */

/* Begin PBXNativeTarget section */
		0A1DE5772B21FA71005EB790 /* OpenAPI */ = {
			isa = PBXNativeTarget;
			buildConfigurationList = 0A1DE58C2B21FA72005EB790 /* Build configuration list for PBXNativeTarget "OpenAPI" */;
			buildPhases = (
				2607A5C47D7F3BC8CD3373CF /* [CP] Check Pods Manifest.lock */,
				0A1DE5742B21FA71005EB790 /* Sources */,
				0A1DE5752B21FA71005EB790 /* Frameworks */,
				0A1DE5762B21FA71005EB790 /* Resources */,
				DF2D2F24BE88C2647A139D18 /* [CP] Embed Pods Frameworks */,
			);
			buildRules = (
			);
			dependencies = (
			);
			name = OpenAPI;
			productName = OpenAPI;
			productReference = 0A1DE5782B21FA71005EB790 /* OpenAPI.app */;
			productType = "com.apple.product-type.application";
		};
/* End PBXNativeTarget section */

/* Begin PBXProject section */
		0A1DE5702B21FA71005EB790 /* Project object */ = {
			isa = PBXProject;
			attributes = {
				BuildIndependentTargetsInParallel = 1;
				LastSwiftUpdateCheck = 1430;
				LastUpgradeCheck = 1430;
				TargetAttributes = {
					0A1DE5772B21FA71005EB790 = {
						CreatedOnToolsVersion = 14.3.1;
					};
				};
			};
			buildConfigurationList = 0A1DE5732B21FA71005EB790 /* Build configuration list for PBXProject "OpenAPI" */;
			compatibilityVersion = "Xcode 14.0";
			developmentRegion = en;
			hasScannedForEncodings = 0;
			knownRegions = (
				en,
				Base,
			);
			mainGroup = 0A1DE56F2B21FA71005EB790;
			productRefGroup = 0A1DE5792B21FA71005EB790 /* Products */;
			projectDirPath = "";
			projectRoot = "";
			targets = (
				0A1DE5772B21FA71005EB790 /* OpenAPI */,
			);
		};
/* End PBXProject section */

/* Begin PBXResourcesBuildPhase section */
		0A1DE5762B21FA71005EB790 /* Resources */ = {
			isa = PBXResourcesBuildPhase;
			buildActionMask = 2147483647;
			files = (
				0A1DE5932B2202B2005EB790 /* WeatherTableViewCell.xib in Resources */,
				0A1DE59C2B2301AF005EB790 /* Secrets.plist in Resources */,
				0A1DE5882B21FA72005EB790 /* LaunchScreen.storyboard in Resources */,
				0A1DE5852B21FA72005EB790 /* Assets.xcassets in Resources */,
				0A1DE5832B21FA71005EB790 /* Main.storyboard in Resources */,
			);
			runOnlyForDeploymentPostprocessing = 0;
		};
/* End PBXResourcesBuildPhase section */

/* Begin PBXShellScriptBuildPhase section */
		2607A5C47D7F3BC8CD3373CF /* [CP] Check Pods Manifest.lock */ = {
			isa = PBXShellScriptBuildPhase;
			buildActionMask = 2147483647;
			files = (
			);
			inputFileListPaths = (
			);
			inputPaths = (
				"${PODS_PODFILE_DIR_PATH}/Podfile.lock",
				"${PODS_ROOT}/Manifest.lock",
			);
			name = "[CP] Check Pods Manifest.lock";
			outputFileListPaths = (
			);
			outputPaths = (
				"$(DERIVED_FILE_DIR)/Pods-OpenAPI-checkManifestLockResult.txt",
			);
			runOnlyForDeploymentPostprocessing = 0;
			shellPath = /bin/sh;
			shellScript = "diff \"${PODS_PODFILE_DIR_PATH}/Podfile.lock\" \"${PODS_ROOT}/Manifest.lock\" > /dev/null\nif [ $? != 0 ] ; then\n    # print error to STDERR\n    echo \"error: The sandbox is not in sync with the Podfile.lock. Run 'pod install' or update your CocoaPods installation.\" >&2\n    exit 1\nfi\n# This output is used by Xcode 'outputs' to avoid re-running this script phase.\necho \"SUCCESS\" > \"${SCRIPT_OUTPUT_FILE_0}\"\n";
			showEnvVarsInLog = 0;
		};
		DF2D2F24BE88C2647A139D18 /* [CP] Embed Pods Frameworks */ = {
			isa = PBXShellScriptBuildPhase;
			buildActionMask = 2147483647;
			files = (
			);
			inputFileListPaths = (
				"${PODS_ROOT}/Target Support Files/Pods-OpenAPI/Pods-OpenAPI-frameworks-${CONFIGURATION}-input-files.xcfilelist",
			);
			name = "[CP] Embed Pods Frameworks";
			outputFileListPaths = (
				"${PODS_ROOT}/Target Support Files/Pods-OpenAPI/Pods-OpenAPI-frameworks-${CONFIGURATION}-output-files.xcfilelist",
			);
			runOnlyForDeploymentPostprocessing = 0;
			shellPath = /bin/sh;
			shellScript = "\"${PODS_ROOT}/Target Support Files/Pods-OpenAPI/Pods-OpenAPI-frameworks.sh\"\n";
			showEnvVarsInLog = 0;
		};
/* End PBXShellScriptBuildPhase section */

/* Begin PBXSourcesBuildPhase section */
		0A1DE5742B21FA71005EB790 /* Sources */ = {
			isa = PBXSourcesBuildPhase;
			buildActionMask = 2147483647;
			files = (
				0A1DE5922B2202B2005EB790 /* WeatherTableViewCell.swift in Sources */,
				0A1DE5A02B233847005EB790 /* WeatherForecastModel.swift in Sources */,
				0A1DE5982B22F45E005EB790 /* WeatherAPIInput.swift in Sources */,
				0A1DE5802B21FA71005EB790 /* ViewController.swift in Sources */,
				0A1DE57C2B21FA71005EB790 /* AppDelegate.swift in Sources */,
				0A1DE59A2B22F4F3005EB790 /* WeatherModel.swift in Sources */,
				0A1DE57E2B21FA71005EB790 /* SceneDelegate.swift in Sources */,
			);
			runOnlyForDeploymentPostprocessing = 0;
		};
/* End PBXSourcesBuildPhase section */

/* Begin PBXVariantGroup section */
		0A1DE5812B21FA71005EB790 /* Main.storyboard */ = {
			isa = PBXVariantGroup;
			children = (
				0A1DE5822B21FA71005EB790 /* Base */,
			);
			name = Main.storyboard;
			sourceTree = "<group>";
		};
		0A1DE5862B21FA72005EB790 /* LaunchScreen.storyboard */ = {
			isa = PBXVariantGroup;
			children = (
				0A1DE5872B21FA72005EB790 /* Base */,
			);
			name = LaunchScreen.storyboard;
			sourceTree = "<group>";
		};
/* End PBXVariantGroup section */

/* Begin XCBuildConfiguration section */
		0A1DE58A2B21FA72005EB790 /* Debug */ = {
			isa = XCBuildConfiguration;
			buildSettings = {
				ALWAYS_SEARCH_USER_PATHS = NO;
				CLANG_ANALYZER_NONNULL = YES;
				CLANG_ANALYZER_NUMBER_OBJECT_CONVERSION = YES_AGGRESSIVE;
				CLANG_CXX_LANGUAGE_STANDARD = "gnu++20";
				CLANG_ENABLE_MODULES = YES;
				CLANG_ENABLE_OBJC_ARC = YES;
				CLANG_ENABLE_OBJC_WEAK = YES;
				CLANG_WARN_BLOCK_CAPTURE_AUTORELEASING = YES;
				CLANG_WARN_BOOL_CONVERSION = YES;
				CLANG_WARN_COMMA = YES;
				CLANG_WARN_CONSTANT_CONVERSION = YES;
				CLANG_WARN_DEPRECATED_OBJC_IMPLEMENTATIONS = YES;
				CLANG_WARN_DIRECT_OBJC_ISA_USAGE = YES_ERROR;
				CLANG_WARN_DOCUMENTATION_COMMENTS = YES;
				CLANG_WARN_EMPTY_BODY = YES;
				CLANG_WARN_ENUM_CONVERSION = YES;
				CLANG_WARN_INFINITE_RECURSION = YES;
				CLANG_WARN_INT_CONVERSION = YES;
				CLANG_WARN_NON_LITERAL_NULL_CONVERSION = YES;
				CLANG_WARN_OBJC_IMPLICIT_RETAIN_SELF = YES;
				CLANG_WARN_OBJC_LITERAL_CONVERSION = YES;
				CLANG_WARN_OBJC_ROOT_CLASS = YES_ERROR;
				CLANG_WARN_QUOTED_INCLUDE_IN_FRAMEWORK_HEADER = YES;
				CLANG_WARN_RANGE_LOOP_ANALYSIS = YES;
				CLANG_WARN_STRICT_PROTOTYPES = YES;
				CLANG_WARN_SUSPICIOUS_MOVE = YES;
				CLANG_WARN_UNGUARDED_AVAILABILITY = YES_AGGRESSIVE;
				CLANG_WARN_UNREACHABLE_CODE = YES;
				CLANG_WARN__DUPLICATE_METHOD_MATCH = YES;
				COPY_PHASE_STRIP = NO;
				DEBUG_INFORMATION_FORMAT = dwarf;
				ENABLE_STRICT_OBJC_MSGSEND = YES;
				ENABLE_TESTABILITY = YES;
				GCC_C_LANGUAGE_STANDARD = gnu11;
				GCC_DYNAMIC_NO_PIC = NO;
				GCC_NO_COMMON_BLOCKS = YES;
				GCC_OPTIMIZATION_LEVEL = 0;
				GCC_PREPROCESSOR_DEFINITIONS = (
					"DEBUG=1",
					"$(inherited)",
				);
				GCC_WARN_64_TO_32_BIT_CONVERSION = YES;
				GCC_WARN_ABOUT_RETURN_TYPE = YES_ERROR;
				GCC_WARN_UNDECLARED_SELECTOR = YES;
				GCC_WARN_UNINITIALIZED_AUTOS = YES_AGGRESSIVE;
				GCC_WARN_UNUSED_FUNCTION = YES;
				GCC_WARN_UNUSED_VARIABLE = YES;
				IPHONEOS_DEPLOYMENT_TARGET = 16.4;
				MTL_ENABLE_DEBUG_INFO = INCLUDE_SOURCE;
				MTL_FAST_MATH = YES;
				ONLY_ACTIVE_ARCH = YES;
				SDKROOT = iphoneos;
				SWIFT_ACTIVE_COMPILATION_CONDITIONS = DEBUG;
				SWIFT_OPTIMIZATION_LEVEL = "-Onone";
			};
			name = Debug;
		};
		0A1DE58B2B21FA72005EB790 /* Release */ = {
			isa = XCBuildConfiguration;
			buildSettings = {
				ALWAYS_SEARCH_USER_PATHS = NO;
				CLANG_ANALYZER_NONNULL = YES;
				CLANG_ANALYZER_NUMBER_OBJECT_CONVERSION = YES_AGGRESSIVE;
				CLANG_CXX_LANGUAGE_STANDARD = "gnu++20";
				CLANG_ENABLE_MODULES = YES;
				CLANG_ENABLE_OBJC_ARC = YES;
				CLANG_ENABLE_OBJC_WEAK = YES;
				CLANG_WARN_BLOCK_CAPTURE_AUTORELEASING = YES;
				CLANG_WARN_BOOL_CONVERSION = YES;
				CLANG_WARN_COMMA = YES;
				CLANG_WARN_CONSTANT_CONVERSION = YES;
				CLANG_WARN_DEPRECATED_OBJC_IMPLEMENTATIONS = YES;
				CLANG_WARN_DIRECT_OBJC_ISA_USAGE = YES_ERROR;
				CLANG_WARN_DOCUMENTATION_COMMENTS = YES;
				CLANG_WARN_EMPTY_BODY = YES;
				CLANG_WARN_ENUM_CONVERSION = YES;
				CLANG_WARN_INFINITE_RECURSION = YES;
				CLANG_WARN_INT_CONVERSION = YES;
				CLANG_WARN_NON_LITERAL_NULL_CONVERSION = YES;
				CLANG_WARN_OBJC_IMPLICIT_RETAIN_SELF = YES;
				CLANG_WARN_OBJC_LITERAL_CONVERSION = YES;
				CLANG_WARN_OBJC_ROOT_CLASS = YES_ERROR;
				CLANG_WARN_QUOTED_INCLUDE_IN_FRAMEWORK_HEADER = YES;
				CLANG_WARN_RANGE_LOOP_ANALYSIS = YES;
				CLANG_WARN_STRICT_PROTOTYPES = YES;
				CLANG_WARN_SUSPICIOUS_MOVE = YES;
				CLANG_WARN_UNGUARDED_AVAILABILITY = YES_AGGRESSIVE;
				CLANG_WARN_UNREACHABLE_CODE = YES;
				CLANG_WARN__DUPLICATE_METHOD_MATCH = YES;
				COPY_PHASE_STRIP = NO;
				DEBUG_INFORMATION_FORMAT = "dwarf-with-dsym";
				ENABLE_NS_ASSERTIONS = NO;
				ENABLE_STRICT_OBJC_MSGSEND = YES;
				GCC_C_LANGUAGE_STANDARD = gnu11;
				GCC_NO_COMMON_BLOCKS = YES;
				GCC_WARN_64_TO_32_BIT_CONVERSION = YES;
				GCC_WARN_ABOUT_RETURN_TYPE = YES_ERROR;
				GCC_WARN_UNDECLARED_SELECTOR = YES;
				GCC_WARN_UNINITIALIZED_AUTOS = YES_AGGRESSIVE;
				GCC_WARN_UNUSED_FUNCTION = YES;
				GCC_WARN_UNUSED_VARIABLE = YES;
				IPHONEOS_DEPLOYMENT_TARGET = 16.4;
				MTL_ENABLE_DEBUG_INFO = NO;
				MTL_FAST_MATH = YES;
				SDKROOT = iphoneos;
				SWIFT_COMPILATION_MODE = wholemodule;
				SWIFT_OPTIMIZATION_LEVEL = "-O";
				VALIDATE_PRODUCT = YES;
			};
			name = Release;
		};
		0A1DE58D2B21FA72005EB790 /* Debug */ = {
			isa = XCBuildConfiguration;
			baseConfigurationReference = 1ED009AC9C461D481AB0C2F7 /* Pods-OpenAPI.debug.xcconfig */;
			buildSettings = {
				ASSETCATALOG_COMPILER_APPICON_NAME = AppIcon;
				ASSETCATALOG_COMPILER_GLOBAL_ACCENT_COLOR_NAME = AccentColor;
				CODE_SIGN_STYLE = Automatic;
				CURRENT_PROJECT_VERSION = 1;
				DEVELOPMENT_TEAM = 7LVZCMHQG6;
				GENERATE_INFOPLIST_FILE = YES;
				INFOPLIST_FILE = OpenAPI/Info.plist;
				INFOPLIST_KEY_UIApplicationSupportsIndirectInputEvents = YES;
				INFOPLIST_KEY_UILaunchStoryboardName = LaunchScreen;
				INFOPLIST_KEY_UIMainStoryboardFile = Main;
				INFOPLIST_KEY_UISupportedInterfaceOrientations_iPad = "UIInterfaceOrientationPortrait UIInterfaceOrientationPortraitUpsideDown UIInterfaceOrientationLandscapeLeft UIInterfaceOrientationLandscapeRight";
				INFOPLIST_KEY_UISupportedInterfaceOrientations_iPhone = "UIInterfaceOrientationPortrait UIInterfaceOrientationLandscapeLeft UIInterfaceOrientationLandscapeRight";
				LD_RUNPATH_SEARCH_PATHS = (
					"$(inherited)",
					"@executable_path/Frameworks",
				);
				MARKETING_VERSION = 1.0;
				PRODUCT_BUNDLE_IDENTIFIER = rachel.OpenAPI;
				PRODUCT_NAME = "$(TARGET_NAME)";
				SWIFT_EMIT_LOC_STRINGS = YES;
				SWIFT_VERSION = 5.0;
				TARGETED_DEVICE_FAMILY = "1,2";
			};
			name = Debug;
		};
		0A1DE58E2B21FA72005EB790 /* Release */ = {
			isa = XCBuildConfiguration;
			baseConfigurationReference = BCC3BB2B235DC58DDBD4EF26 /* Pods-OpenAPI.release.xcconfig */;
			buildSettings = {
				ASSETCATALOG_COMPILER_APPICON_NAME = AppIcon;
				ASSETCATALOG_COMPILER_GLOBAL_ACCENT_COLOR_NAME = AccentColor;
				CODE_SIGN_STYLE = Automatic;
				CURRENT_PROJECT_VERSION = 1;
				DEVELOPMENT_TEAM = 7LVZCMHQG6;
				GENERATE_INFOPLIST_FILE = YES;
				INFOPLIST_FILE = OpenAPI/Info.plist;
				INFOPLIST_KEY_UIApplicationSupportsIndirectInputEvents = YES;
				INFOPLIST_KEY_UILaunchStoryboardName = LaunchScreen;
				INFOPLIST_KEY_UIMainStoryboardFile = Main;
				INFOPLIST_KEY_UISupportedInterfaceOrientations_iPad = "UIInterfaceOrientationPortrait UIInterfaceOrientationPortraitUpsideDown UIInterfaceOrientationLandscapeLeft UIInterfaceOrientationLandscapeRight";
				INFOPLIST_KEY_UISupportedInterfaceOrientations_iPhone = "UIInterfaceOrientationPortrait UIInterfaceOrientationLandscapeLeft UIInterfaceOrientationLandscapeRight";
				LD_RUNPATH_SEARCH_PATHS = (
					"$(inherited)",
					"@executable_path/Frameworks",
				);
				MARKETING_VERSION = 1.0;
				PRODUCT_BUNDLE_IDENTIFIER = rachel.OpenAPI;
				PRODUCT_NAME = "$(TARGET_NAME)";
				SWIFT_EMIT_LOC_STRINGS = YES;
				SWIFT_VERSION = 5.0;
				TARGETED_DEVICE_FAMILY = "1,2";
			};
			name = Release;
		};
/* End XCBuildConfiguration section */

/* Begin XCConfigurationList section */
		0A1DE5732B21FA71005EB790 /* Build configuration list for PBXProject "OpenAPI" */ = {
			isa = XCConfigurationList;
			buildConfigurations = (
				0A1DE58A2B21FA72005EB790 /* Debug */,
				0A1DE58B2B21FA72005EB790 /* Release */,
			);
			defaultConfigurationIsVisible = 0;
			defaultConfigurationName = Release;
		};
		0A1DE58C2B21FA72005EB790 /* Build configuration list for PBXNativeTarget "OpenAPI" */ = {
			isa = XCConfigurationList;
			buildConfigurations = (
				0A1DE58D2B21FA72005EB790 /* Debug */,
				0A1DE58E2B21FA72005EB790 /* Release */,
			);
			defaultConfigurationIsVisible = 0;
			defaultConfigurationName = Release;
		};
/* End XCConfigurationList section */
	};
	rootObject = 0A1DE5702B21FA71005EB790 /* Project object */;
}
