// !$*UTF8*$!
{
	archiveVersion = 1;
	classes = {
	};
	objectVersion = 56;
	objects = {

/* Begin PBXBuildFile section */
		0AB0D3042B0153610076CA78 /* AppDelegate.swift in Sources */ = {isa = PBXBuildFile; fileRef = 0AB0D3032B0153610076CA78 /* AppDelegate.swift */; };
		0AB0D3062B0153610076CA78 /* SceneDelegate.swift in Sources */ = {isa = PBXBuildFile; fileRef = 0AB0D3052B0153610076CA78 /* SceneDelegate.swift */; };
		0AB0D3082B0153610076CA78 /* LoginViewController.swift in Sources */ = {isa = PBXBuildFile; fileRef = 0AB0D3072B0153610076CA78 /* LoginViewController.swift */; };
		0AB0D30B2B0153610076CA78 /* Main.storyboard in Resources */ = {isa = PBXBuildFile; fileRef = 0AB0D3092B0153610076CA78 /* Main.storyboard */; };
		0AB0D30D2B0153630076CA78 /* Assets.xcassets in Resources */ = {isa = PBXBuildFile; fileRef = 0AB0D30C2B0153630076CA78 /* Assets.xcassets */; };
		0AB0D3102B0153630076CA78 /* LaunchScreen.storyboard in Resources */ = {isa = PBXBuildFile; fileRef = 0AB0D30E2B0153630076CA78 /* LaunchScreen.storyboard */; };
		0AF8954C2B01DC8C00B081BE /* NextViewController.swift in Sources */ = {isa = PBXBuildFile; fileRef = 0AF8954B2B01DC8C00B081BE /* NextViewController.swift */; };
		AC83788496252DF2EDD511D3 /* Pods_KakaoLogin.framework in Frameworks */ = {isa = PBXBuildFile; fileRef = 598D4DF8DF79BC2E47E69C00 /* Pods_KakaoLogin.framework */; };
/* End PBXBuildFile section */

/* Begin PBXFileReference section */
		0AB0D3002B0153610076CA78 /* KakaoLogin.app */ = {isa = PBXFileReference; explicitFileType = wrapper.application; includeInIndex = 0; path = KakaoLogin.app; sourceTree = BUILT_PRODUCTS_DIR; };
		0AB0D3032B0153610076CA78 /* AppDelegate.swift */ = {isa = PBXFileReference; lastKnownFileType = sourcecode.swift; path = AppDelegate.swift; sourceTree = "<group>"; };
		0AB0D3052B0153610076CA78 /* SceneDelegate.swift */ = {isa = PBXFileReference; lastKnownFileType = sourcecode.swift; path = SceneDelegate.swift; sourceTree = "<group>"; };
		0AB0D3072B0153610076CA78 /* LoginViewController.swift */ = {isa = PBXFileReference; lastKnownFileType = sourcecode.swift; path = LoginViewController.swift; sourceTree = "<group>"; };
		0AB0D30A2B0153610076CA78 /* Base */ = {isa = PBXFileReference; lastKnownFileType = file.storyboard; name = Base; path = Base.lproj/Main.storyboard; sourceTree = "<group>"; };
		0AB0D30C2B0153630076CA78 /* Assets.xcassets */ = {isa = PBXFileReference; lastKnownFileType = folder.assetcatalog; path = Assets.xcassets; sourceTree = "<group>"; };
		0AB0D30F2B0153630076CA78 /* Base */ = {isa = PBXFileReference; lastKnownFileType = file.storyboard; name = Base; path = Base.lproj/LaunchScreen.storyboard; sourceTree = "<group>"; };
		0AB0D3112B0153630076CA78 /* Info.plist */ = {isa = PBXFileReference; lastKnownFileType = text.plist.xml; path = Info.plist; sourceTree = "<group>"; };
		0AF8954B2B01DC8C00B081BE /* NextViewController.swift */ = {isa = PBXFileReference; lastKnownFileType = sourcecode.swift; path = NextViewController.swift; sourceTree = "<group>"; };
		2E7FD1179AA635CA1E4FBE44 /* Pods-KakaoLogin.debug.xcconfig */ = {isa = PBXFileReference; includeInIndex = 1; lastKnownFileType = text.xcconfig; name = "Pods-KakaoLogin.debug.xcconfig"; path = "Target Support Files/Pods-KakaoLogin/Pods-KakaoLogin.debug.xcconfig"; sourceTree = "<group>"; };
		598D4DF8DF79BC2E47E69C00 /* Pods_KakaoLogin.framework */ = {isa = PBXFileReference; explicitFileType = wrapper.framework; includeInIndex = 0; path = Pods_KakaoLogin.framework; sourceTree = BUILT_PRODUCTS_DIR; };
		EFA6DACCAE54B39D10038E1C /* Pods-KakaoLogin.release.xcconfig */ = {isa = PBXFileReference; includeInIndex = 1; lastKnownFileType = text.xcconfig; name = "Pods-KakaoLogin.release.xcconfig"; path = "Target Support Files/Pods-KakaoLogin/Pods-KakaoLogin.release.xcconfig"; sourceTree = "<group>"; };
/* End PBXFileReference section */

/* Begin PBXFrameworksBuildPhase section */
		0AB0D2FD2B0153610076CA78 /* Frameworks */ = {
			isa = PBXFrameworksBuildPhase;
			buildActionMask = 2147483647;
			files = (
				AC83788496252DF2EDD511D3 /* Pods_KakaoLogin.framework in Frameworks */,
			);
			runOnlyForDeploymentPostprocessing = 0;
		};
/* End PBXFrameworksBuildPhase section */

/* Begin PBXGroup section */
		0AB0D2F72B0153610076CA78 = {
			isa = PBXGroup;
			children = (
				0AB0D3022B0153610076CA78 /* KakaoLogin */,
				0AB0D3012B0153610076CA78 /* Products */,
				43BA0D2419EA0864FDB99FBF /* Pods */,
				7016FFC7A7B7C20DB0273421 /* Frameworks */,
			);
			sourceTree = "<group>";
		};
		0AB0D3012B0153610076CA78 /* Products */ = {
			isa = PBXGroup;
			children = (
				0AB0D3002B0153610076CA78 /* KakaoLogin.app */,
			);
			name = Products;
			sourceTree = "<group>";
		};
		0AB0D3022B0153610076CA78 /* KakaoLogin */ = {
			isa = PBXGroup;
			children = (
				0AB0D3032B0153610076CA78 /* AppDelegate.swift */,
				0AB0D3052B0153610076CA78 /* SceneDelegate.swift */,
				0AB0D3072B0153610076CA78 /* LoginViewController.swift */,
				0AB0D3092B0153610076CA78 /* Main.storyboard */,
				0AB0D30C2B0153630076CA78 /* Assets.xcassets */,
				0AB0D30E2B0153630076CA78 /* LaunchScreen.storyboard */,
				0AB0D3112B0153630076CA78 /* Info.plist */,
				0AF8954B2B01DC8C00B081BE /* NextViewController.swift */,
			);
			path = KakaoLogin;
			sourceTree = "<group>";
		};
		43BA0D2419EA0864FDB99FBF /* Pods */ = {
			isa = PBXGroup;
			children = (
				2E7FD1179AA635CA1E4FBE44 /* Pods-KakaoLogin.debug.xcconfig */,
				EFA6DACCAE54B39D10038E1C /* Pods-KakaoLogin.release.xcconfig */,
			);
			path = Pods;
			sourceTree = "<group>";
		};
		7016FFC7A7B7C20DB0273421 /* Frameworks */ = {
			isa = PBXGroup;
			children = (
				598D4DF8DF79BC2E47E69C00 /* Pods_KakaoLogin.framework */,
			);
			name = Frameworks;
			sourceTree = "<group>";
		};
/* End PBXGroup section */

/* Begin PBXNativeTarget section */
		0AB0D2FF2B0153610076CA78 /* KakaoLogin */ = {
			isa = PBXNativeTarget;
			buildConfigurationList = 0AB0D3142B0153630076CA78 /* Build configuration list for PBXNativeTarget "KakaoLogin" */;
			buildPhases = (
				69FFB71E4C85A4A325C02ADA /* [CP] Check Pods Manifest.lock */,
				0AB0D2FC2B0153610076CA78 /* Sources */,
				0AB0D2FD2B0153610076CA78 /* Frameworks */,
				0AB0D2FE2B0153610076CA78 /* Resources */,
				44A816817BBE7A14DB9D772A /* [CP] Embed Pods Frameworks */,
			);
			buildRules = (
			);
			dependencies = (
			);
			name = KakaoLogin;
			productName = KakaoLogin;
			productReference = 0AB0D3002B0153610076CA78 /* KakaoLogin.app */;
			productType = "com.apple.product-type.application";
		};
/* End PBXNativeTarget section */

/* Begin PBXProject section */
		0AB0D2F82B0153610076CA78 /* Project object */ = {
			isa = PBXProject;
			attributes = {
				BuildIndependentTargetsInParallel = 1;
				LastSwiftUpdateCheck = 1430;
				LastUpgradeCheck = 1430;
				TargetAttributes = {
					0AB0D2FF2B0153610076CA78 = {
						CreatedOnToolsVersion = 14.3.1;
					};
				};
			};
			buildConfigurationList = 0AB0D2FB2B0153610076CA78 /* Build configuration list for PBXProject "KakaoLogin" */;
			compatibilityVersion = "Xcode 14.0";
			developmentRegion = en;
			hasScannedForEncodings = 0;
			knownRegions = (
				en,
				Base,
			);
			mainGroup = 0AB0D2F72B0153610076CA78;
			productRefGroup = 0AB0D3012B0153610076CA78 /* Products */;
			projectDirPath = "";
			projectRoot = "";
			targets = (
				0AB0D2FF2B0153610076CA78 /* KakaoLogin */,
			);
		};
/* End PBXProject section */

/* Begin PBXResourcesBuildPhase section */
		0AB0D2FE2B0153610076CA78 /* Resources */ = {
			isa = PBXResourcesBuildPhase;
			buildActionMask = 2147483647;
			files = (
				0AB0D3102B0153630076CA78 /* LaunchScreen.storyboard in Resources */,
				0AB0D30D2B0153630076CA78 /* Assets.xcassets in Resources */,
				0AB0D30B2B0153610076CA78 /* Main.storyboard in Resources */,
			);
			runOnlyForDeploymentPostprocessing = 0;
		};
/* End PBXResourcesBuildPhase section */

/* Begin PBXShellScriptBuildPhase section */
		44A816817BBE7A14DB9D772A /* [CP] Embed Pods Frameworks */ = {
			isa = PBXShellScriptBuildPhase;
			buildActionMask = 2147483647;
			files = (
			);
			inputFileListPaths = (
				"${PODS_ROOT}/Target Support Files/Pods-KakaoLogin/Pods-KakaoLogin-frameworks-${CONFIGURATION}-input-files.xcfilelist",
			);
			name = "[CP] Embed Pods Frameworks";
			outputFileListPaths = (
				"${PODS_ROOT}/Target Support Files/Pods-KakaoLogin/Pods-KakaoLogin-frameworks-${CONFIGURATION}-output-files.xcfilelist",
			);
			runOnlyForDeploymentPostprocessing = 0;
			shellPath = /bin/sh;
			shellScript = "\"${PODS_ROOT}/Target Support Files/Pods-KakaoLogin/Pods-KakaoLogin-frameworks.sh\"\n";
			showEnvVarsInLog = 0;
		};
		69FFB71E4C85A4A325C02ADA /* [CP] Check Pods Manifest.lock */ = {
			isa = PBXShellScriptBuildPhase;
			buildActionMask = 2147483647;
			files = (
			);
			inputFileListPaths = (
			);
			inputPaths = (
				"${PODS_PODFILE_DIR_PATH}/Podfile.lock",
				"${PODS_ROOT}/Manifest.lock",
			);
			name = "[CP] Check Pods Manifest.lock";
			outputFileListPaths = (
			);
			outputPaths = (
				"$(DERIVED_FILE_DIR)/Pods-KakaoLogin-checkManifestLockResult.txt",
			);
			runOnlyForDeploymentPostprocessing = 0;
			shellPath = /bin/sh;
			shellScript = "diff \"${PODS_PODFILE_DIR_PATH}/Podfile.lock\" \"${PODS_ROOT}/Manifest.lock\" > /dev/null\nif [ $? != 0 ] ; then\n    # print error to STDERR\n    echo \"error: The sandbox is not in sync with the Podfile.lock. Run 'pod install' or update your CocoaPods installation.\" >&2\n    exit 1\nfi\n# This output is used by Xcode 'outputs' to avoid re-running this script phase.\necho \"SUCCESS\" > \"${SCRIPT_OUTPUT_FILE_0}\"\n";
			showEnvVarsInLog = 0;
		};
/* End PBXShellScriptBuildPhase section */

/* Begin PBXSourcesBuildPhase section */
		0AB0D2FC2B0153610076CA78 /* Sources */ = {
			isa = PBXSourcesBuildPhase;
			buildActionMask = 2147483647;
			files = (
				0AB0D3082B0153610076CA78 /* LoginViewController.swift in Sources */,
				0AF8954C2B01DC8C00B081BE /* NextViewController.swift in Sources */,
				0AB0D3042B0153610076CA78 /* AppDelegate.swift in Sources */,
				0AB0D3062B0153610076CA78 /* SceneDelegate.swift in Sources */,
			);
			runOnlyForDeploymentPostprocessing = 0;
		};
/* End PBXSourcesBuildPhase section */

/* Begin PBXVariantGroup section */
		0AB0D3092B0153610076CA78 /* Main.storyboard */ = {
			isa = PBXVariantGroup;
			children = (
				0AB0D30A2B0153610076CA78 /* Base */,
			);
			name = Main.storyboard;
			sourceTree = "<group>";
		};
		0AB0D30E2B0153630076CA78 /* LaunchScreen.storyboard */ = {
			isa = PBXVariantGroup;
			children = (
				0AB0D30F2B0153630076CA78 /* Base */,
			);
			name = LaunchScreen.storyboard;
			sourceTree = "<group>";
		};
/* End PBXVariantGroup section */

/* Begin XCBuildConfiguration section */
		0AB0D3122B0153630076CA78 /* Debug */ = {
			isa = XCBuildConfiguration;
			buildSettings = {
				ALWAYS_SEARCH_USER_PATHS = NO;
				CLANG_ANALYZER_NONNULL = YES;
				CLANG_ANALYZER_NUMBER_OBJECT_CONVERSION = YES_AGGRESSIVE;
				CLANG_CXX_LANGUAGE_STANDARD = "gnu++20";
				CLANG_ENABLE_MODULES = YES;
				CLANG_ENABLE_OBJC_ARC = YES;
				CLANG_ENABLE_OBJC_WEAK = YES;
				CLANG_WARN_BLOCK_CAPTURE_AUTORELEASING = YES;
				CLANG_WARN_BOOL_CONVERSION = YES;
				CLANG_WARN_COMMA = YES;
				CLANG_WARN_CONSTANT_CONVERSION = YES;
				CLANG_WARN_DEPRECATED_OBJC_IMPLEMENTATIONS = YES;
				CLANG_WARN_DIRECT_OBJC_ISA_USAGE = YES_ERROR;
				CLANG_WARN_DOCUMENTATION_COMMENTS = YES;
				CLANG_WARN_EMPTY_BODY = YES;
				CLANG_WARN_ENUM_CONVERSION = YES;
				CLANG_WARN_INFINITE_RECURSION = YES;
				CLANG_WARN_INT_CONVERSION = YES;
				CLANG_WARN_NON_LITERAL_NULL_CONVERSION = YES;
				CLANG_WARN_OBJC_IMPLICIT_RETAIN_SELF = YES;
				CLANG_WARN_OBJC_LITERAL_CONVERSION = YES;
				CLANG_WARN_OBJC_ROOT_CLASS = YES_ERROR;
				CLANG_WARN_QUOTED_INCLUDE_IN_FRAMEWORK_HEADER = YES;
				CLANG_WARN_RANGE_LOOP_ANALYSIS = YES;
				CLANG_WARN_STRICT_PROTOTYPES = YES;
				CLANG_WARN_SUSPICIOUS_MOVE = YES;
				CLANG_WARN_UNGUARDED_AVAILABILITY = YES_AGGRESSIVE;
				CLANG_WARN_UNREACHABLE_CODE = YES;
				CLANG_WARN__DUPLICATE_METHOD_MATCH = YES;
				COPY_PHASE_STRIP = NO;
				DEBUG_INFORMATION_FORMAT = dwarf;
				ENABLE_STRICT_OBJC_MSGSEND = YES;
				ENABLE_TESTABILITY = YES;
				GCC_C_LANGUAGE_STANDARD = gnu11;
				GCC_DYNAMIC_NO_PIC = NO;
				GCC_NO_COMMON_BLOCKS = YES;
				GCC_OPTIMIZATION_LEVEL = 0;
				GCC_PREPROCESSOR_DEFINITIONS = (
					"DEBUG=1",
					"$(inherited)",
				);
				GCC_WARN_64_TO_32_BIT_CONVERSION = YES;
				GCC_WARN_ABOUT_RETURN_TYPE = YES_ERROR;
				GCC_WARN_UNDECLARED_SELECTOR = YES;
				GCC_WARN_UNINITIALIZED_AUTOS = YES_AGGRESSIVE;
				GCC_WARN_UNUSED_FUNCTION = YES;
				GCC_WARN_UNUSED_VARIABLE = YES;
				IPHONEOS_DEPLOYMENT_TARGET = 16.4;
				MTL_ENABLE_DEBUG_INFO = INCLUDE_SOURCE;
				MTL_FAST_MATH = YES;
				ONLY_ACTIVE_ARCH = YES;
				SDKROOT = iphoneos;
				SWIFT_ACTIVE_COMPILATION_CONDITIONS = DEBUG;
				SWIFT_OPTIMIZATION_LEVEL = "-Onone";
			};
			name = Debug;
		};
		0AB0D3132B0153630076CA78 /* Release */ = {
			isa = XCBuildConfiguration;
			buildSettings = {
				ALWAYS_SEARCH_USER_PATHS = NO;
				CLANG_ANALYZER_NONNULL = YES;
				CLANG_ANALYZER_NUMBER_OBJECT_CONVERSION = YES_AGGRESSIVE;
				CLANG_CXX_LANGUAGE_STANDARD = "gnu++20";
				CLANG_ENABLE_MODULES = YES;
				CLANG_ENABLE_OBJC_ARC = YES;
				CLANG_ENABLE_OBJC_WEAK = YES;
				CLANG_WARN_BLOCK_CAPTURE_AUTORELEASING = YES;
				CLANG_WARN_BOOL_CONVERSION = YES;
				CLANG_WARN_COMMA = YES;
				CLANG_WARN_CONSTANT_CONVERSION = YES;
				CLANG_WARN_DEPRECATED_OBJC_IMPLEMENTATIONS = YES;
				CLANG_WARN_DIRECT_OBJC_ISA_USAGE = YES_ERROR;
				CLANG_WARN_DOCUMENTATION_COMMENTS = YES;
				CLANG_WARN_EMPTY_BODY = YES;
				CLANG_WARN_ENUM_CONVERSION = YES;
				CLANG_WARN_INFINITE_RECURSION = YES;
				CLANG_WARN_INT_CONVERSION = YES;
				CLANG_WARN_NON_LITERAL_NULL_CONVERSION = YES;
				CLANG_WARN_OBJC_IMPLICIT_RETAIN_SELF = YES;
				CLANG_WARN_OBJC_LITERAL_CONVERSION = YES;
				CLANG_WARN_OBJC_ROOT_CLASS = YES_ERROR;
				CLANG_WARN_QUOTED_INCLUDE_IN_FRAMEWORK_HEADER = YES;
				CLANG_WARN_RANGE_LOOP_ANALYSIS = YES;
				CLANG_WARN_STRICT_PROTOTYPES = YES;
				CLANG_WARN_SUSPICIOUS_MOVE = YES;
				CLANG_WARN_UNGUARDED_AVAILABILITY = YES_AGGRESSIVE;
				CLANG_WARN_UNREACHABLE_CODE = YES;
				CLANG_WARN__DUPLICATE_METHOD_MATCH = YES;
				COPY_PHASE_STRIP = NO;
				DEBUG_INFORMATION_FORMAT = "dwarf-with-dsym";
				ENABLE_NS_ASSERTIONS = NO;
				ENABLE_STRICT_OBJC_MSGSEND = YES;
				GCC_C_LANGUAGE_STANDARD = gnu11;
				GCC_NO_COMMON_BLOCKS = YES;
				GCC_WARN_64_TO_32_BIT_CONVERSION = YES;
				GCC_WARN_ABOUT_RETURN_TYPE = YES_ERROR;
				GCC_WARN_UNDECLARED_SELECTOR = YES;
				GCC_WARN_UNINITIALIZED_AUTOS = YES_AGGRESSIVE;
				GCC_WARN_UNUSED_FUNCTION = YES;
				GCC_WARN_UNUSED_VARIABLE = YES;
				IPHONEOS_DEPLOYMENT_TARGET = 16.4;
				MTL_ENABLE_DEBUG_INFO = NO;
				MTL_FAST_MATH = YES;
				SDKROOT = iphoneos;
				SWIFT_COMPILATION_MODE = wholemodule;
				SWIFT_OPTIMIZATION_LEVEL = "-O";
				VALIDATE_PRODUCT = YES;
			};
			name = Release;
		};
		0AB0D3152B0153630076CA78 /* Debug */ = {
			isa = XCBuildConfiguration;
			baseConfigurationReference = 2E7FD1179AA635CA1E4FBE44 /* Pods-KakaoLogin.debug.xcconfig */;
			buildSettings = {
				ASSETCATALOG_COMPILER_APPICON_NAME = AppIcon;
				ASSETCATALOG_COMPILER_GLOBAL_ACCENT_COLOR_NAME = AccentColor;
				CODE_SIGN_STYLE = Automatic;
				CURRENT_PROJECT_VERSION = 1;
				DEVELOPMENT_TEAM = 7LVZCMHQG6;
				GENERATE_INFOPLIST_FILE = YES;
				INFOPLIST_FILE = KakaoLogin/Info.plist;
				INFOPLIST_KEY_UIApplicationSupportsIndirectInputEvents = YES;
				INFOPLIST_KEY_UILaunchStoryboardName = LaunchScreen;
				INFOPLIST_KEY_UIMainStoryboardFile = Main;
				INFOPLIST_KEY_UISupportedInterfaceOrientations_iPad = "UIInterfaceOrientationPortrait UIInterfaceOrientationPortraitUpsideDown UIInterfaceOrientationLandscapeLeft UIInterfaceOrientationLandscapeRight";
				INFOPLIST_KEY_UISupportedInterfaceOrientations_iPhone = "UIInterfaceOrientationPortrait UIInterfaceOrientationLandscapeLeft UIInterfaceOrientationLandscapeRight";
				LD_RUNPATH_SEARCH_PATHS = (
					"$(inherited)",
					"@executable_path/Frameworks",
				);
				MARKETING_VERSION = 1.0;
				PRODUCT_BUNDLE_IDENTIFIER = rachel.KakaoLogin;
				PRODUCT_NAME = "$(TARGET_NAME)";
				SWIFT_EMIT_LOC_STRINGS = YES;
				SWIFT_VERSION = 5.0;
				TARGETED_DEVICE_FAMILY = "1,2";
			};
			name = Debug;
		};
		0AB0D3162B0153630076CA78 /* Release */ = {
			isa = XCBuildConfiguration;
			baseConfigurationReference = EFA6DACCAE54B39D10038E1C /* Pods-KakaoLogin.release.xcconfig */;
			buildSettings = {
				ASSETCATALOG_COMPILER_APPICON_NAME = AppIcon;
				ASSETCATALOG_COMPILER_GLOBAL_ACCENT_COLOR_NAME = AccentColor;
				CODE_SIGN_STYLE = Automatic;
				CURRENT_PROJECT_VERSION = 1;
				DEVELOPMENT_TEAM = 7LVZCMHQG6;
				GENERATE_INFOPLIST_FILE = YES;
				INFOPLIST_FILE = KakaoLogin/Info.plist;
				INFOPLIST_KEY_UIApplicationSupportsIndirectInputEvents = YES;
				INFOPLIST_KEY_UILaunchStoryboardName = LaunchScreen;
				INFOPLIST_KEY_UIMainStoryboardFile = Main;
				INFOPLIST_KEY_UISupportedInterfaceOrientations_iPad = "UIInterfaceOrientationPortrait UIInterfaceOrientationPortraitUpsideDown UIInterfaceOrientationLandscapeLeft UIInterfaceOrientationLandscapeRight";
				INFOPLIST_KEY_UISupportedInterfaceOrientations_iPhone = "UIInterfaceOrientationPortrait UIInterfaceOrientationLandscapeLeft UIInterfaceOrientationLandscapeRight";
				LD_RUNPATH_SEARCH_PATHS = (
					"$(inherited)",
					"@executable_path/Frameworks",
				);
				MARKETING_VERSION = 1.0;
				PRODUCT_BUNDLE_IDENTIFIER = rachel.KakaoLogin;
				PRODUCT_NAME = "$(TARGET_NAME)";
				SWIFT_EMIT_LOC_STRINGS = YES;
				SWIFT_VERSION = 5.0;
				TARGETED_DEVICE_FAMILY = "1,2";
			};
			name = Release;
		};
/* End XCBuildConfiguration section */

/* Begin XCConfigurationList section */
		0AB0D2FB2B0153610076CA78 /* Build configuration list for PBXProject "KakaoLogin" */ = {
			isa = XCConfigurationList;
			buildConfigurations = (
				0AB0D3122B0153630076CA78 /* Debug */,
				0AB0D3132B0153630076CA78 /* Release */,
			);
			defaultConfigurationIsVisible = 0;
			defaultConfigurationName = Release;
		};
		0AB0D3142B0153630076CA78 /* Build configuration list for PBXNativeTarget "KakaoLogin" */ = {
			isa = XCConfigurationList;
			buildConfigurations = (
				0AB0D3152B0153630076CA78 /* Debug */,
				0AB0D3162B0153630076CA78 /* Release */,
			);
			defaultConfigurationIsVisible = 0;
			defaultConfigurationName = Release;
		};
/* End XCConfigurationList section */
	};
	rootObject = 0AB0D2F82B0153610076CA78 /* Project object */;
}
